
Microsoft Visual Studio Solution File, Format Version 12.00
# Visual Studio Version 16
VisualStudioVersion = 16.0.29306.81
MinimumVisualStudioVersion = 10.0.40219.1
Project("{FAE04EC0-301F-11D3-BF4B-00C04F79EFBC}") = "SaccoSystem", "SaccoSystem\SaccoSystem.csproj", "{244CC021-89B8-4974-90CE-CB7B25F30978}"
EndProject
Global
	GlobalSection(SolutionConfigurationPlatforms) = preSolution
		Debug|Any CPU = Debug|Any CPU
		Release|Any CPU = Release|Any CPU
	EndGlobalSection
	GlobalSection(ProjectConfigurationPlatforms) = postSolution
		{244CC021-89B8-4974-90CE-CB7B25F30978}.Debug|Any CPU.ActiveCfg = Debug|Any CPU
		{244CC021-89B8-4974-90CE-CB7B25F30978}.Debug|Any CPU.Build.0 = Debug|Any CPU
		{244CC021-89B8-4974-90CE-CB7B25F30978}.Release|Any CPU.ActiveCfg = Release|Any CPU
		{244CC021-89B8-4974-90CE-CB7B25F30978}.Release|Any CPU.Build.0 = Release|Any CPU
	EndGlobalSection
	GlobalSection(SolutionProperties) = preSolution
		HideSolutionNode = FALSE
	EndGlobalSection
	GlobalSection(ExtensibilityGlobals) = postSolution
		SolutionGuid = {0B315C61-C236-4AB2-8A30-255BF1F02F7F}
	EndGlobalSection
EndGlobal
